// !$*UTF8*$!
{
	archiveVersion = 1;
	classes = {
	};
	objectVersion = 50;
	objects = {

/* Begin PBXBuildFile section */
		74DA3F16216A7B6F00A7B797 /* AppDelegate.swift in Sources */ = {isa = PBXBuildFile; fileRef = 74DA3F15216A7B6F00A7B797 /* AppDelegate.swift */; };
		74DA3F18216A7B6F00A7B797 /* ViewController.swift in Sources */ = {isa = PBXBuildFile; fileRef = 74DA3F17216A7B6F00A7B797 /* ViewController.swift */; };
		74DA3F1B216A7B6F00A7B797 /* Main.storyboard in Resources */ = {isa = PBXBuildFile; fileRef = 74DA3F19216A7B6F00A7B797 /* Main.storyboard */; };
		74DA3F1D216A7B7000A7B797 /* Assets.xcassets in Resources */ = {isa = PBXBuildFile; fileRef = 74DA3F1C216A7B7000A7B797 /* Assets.xcassets */; };
		74DA3F20216A7B7000A7B797 /* LaunchScreen.storyboard in Resources */ = {isa = PBXBuildFile; fileRef = 74DA3F1E216A7B7000A7B797 /* LaunchScreen.storyboard */; };
		74DA3F2B216A7B7000A7B797 /* calculatorTests.swift in Sources */ = {isa = PBXBuildFile; fileRef = 74DA3F2A216A7B7000A7B797 /* calculatorTests.swift */; };
		74DA3F36216A7B7000A7B797 /* calculatorUITests.swift in Sources */ = {isa = PBXBuildFile; fileRef = 74DA3F35216A7B7000A7B797 /* calculatorUITests.swift */; };
/* End PBXBuildFile section */

/* Begin PBXContainerItemProxy section */
		74DA3F27216A7B7000A7B797 /* PBXContainerItemProxy */ = {
			isa = PBXContainerItemProxy;
			containerPortal = 74DA3F0A216A7B6F00A7B797 /* Project object */;
			proxyType = 1;
			remoteGlobalIDString = 74DA3F11216A7B6F00A7B797;
			remoteInfo = calculator;
		};
		74DA3F32216A7B7000A7B797 /* PBXContainerItemProxy */ = {
			isa = PBXContainerItemProxy;
			containerPortal = 74DA3F0A216A7B6F00A7B797 /* Project object */;
			proxyType = 1;
			remoteGlobalIDString = 74DA3F11216A7B6F00A7B797;
			remoteInfo = calculator;
		};
/* End PBXContainerItemProxy section */

/* Begin PBXFileReference section */
		74DA3F12216A7B6F00A7B797 /* calculator.app */ = {isa = PBXFileReference; explicitFileType = wrapper.application; includeInIndex = 0; path = calculator.app; sourceTree = BUILT_PRODUCTS_DIR; };
		74DA3F15216A7B6F00A7B797 /* AppDelegate.swift */ = {isa = PBXFileReference; lastKnownFileType = sourcecode.swift; path = AppDelegate.swift; sourceTree = "<group>"; };
		74DA3F17216A7B6F00A7B797 /* ViewController.swift */ = {isa = PBXFileReference; lastKnownFileType = sourcecode.swift; path = ViewController.swift; sourceTree = "<group>"; };
		74DA3F1A216A7B6F00A7B797 /* Base */ = {isa = PBXFileReference; lastKnownFileType = file.storyboard; name = Base; path = Base.lproj/Main.storyboard; sourceTree = "<group>"; };
		74DA3F1C216A7B7000A7B797 /* Assets.xcassets */ = {isa = PBXFileReference; lastKnownFileType = folder.assetcatalog; path = Assets.xcassets; sourceTree = "<group>"; };
		74DA3F1F216A7B7000A7B797 /* Base */ = {isa = PBXFileReference; lastKnownFileType = file.storyboard; name = Base; path = Base.lproj/LaunchScreen.storyboard; sourceTree = "<group>"; };
		74DA3F21216A7B7000A7B797 /* Info.plist */ = {isa = PBXFileReference; lastKnownFileType = text.plist.xml; path = Info.plist; sourceTree = "<group>"; };
		74DA3F26216A7B7000A7B797 /* calculatorTests.xctest */ = {isa = PBXFileReference; explicitFileType = wrapper.cfbundle; includeInIndex = 0; path = calculatorTests.xctest; sourceTree = BUILT_PRODUCTS_DIR; };
		74DA3F2A216A7B7000A7B797 /* calculatorTests.swift */ = {isa = PBXFileReference; lastKnownFileType = sourcecode.swift; path = calculatorTests.swift; sourceTree = "<group>"; };
		74DA3F2C216A7B7000A7B797 /* Info.plist */ = {isa = PBXFileReference; lastKnownFileType = text.plist.xml; path = Info.plist; sourceTree = "<group>"; };
		74DA3F31216A7B7000A7B797 /* calculatorUITests.xctest */ = {isa = PBXFileReference; explicitFileType = wrapper.cfbundle; includeInIndex = 0; path = calculatorUITests.xctest; sourceTree = BUILT_PRODUCTS_DIR; };
		74DA3F35216A7B7000A7B797 /* calculatorUITests.swift */ = {isa = PBXFileReference; lastKnownFileType = sourcecode.swift; path = calculatorUITests.swift; sourceTree = "<group>"; };
		74DA3F37216A7B7000A7B797 /* Info.plist */ = {isa = PBXFileReference; lastKnownFileType = text.plist.xml; path = Info.plist; sourceTree = "<group>"; };
/* End PBXFileReference section */

/* Begin PBXFrameworksBuildPhase section */
		74DA3F0F216A7B6F00A7B797 /* Frameworks */ = {
			isa = PBXFrameworksBuildPhase;
			buildActionMask = 2147483647;
			files = (
			);
			runOnlyForDeploymentPostprocessing = 0;
		};
		74DA3F23216A7B7000A7B797 /* Frameworks */ = {
			isa = PBXFrameworksBuildPhase;
			buildActionMask = 2147483647;
			files = (
			);
			runOnlyForDeploymentPostprocessing = 0;
		};
		74DA3F2E216A7B7000A7B797 /* Frameworks */ = {
			isa = PBXFrameworksBuildPhase;
			buildActionMask = 2147483647;
			files = (
			);
			runOnlyForDeploymentPostprocessing = 0;
		};
/* End PBXFrameworksBuildPhase section */

/* Begin PBXGroup section */
		74DA3F09216A7B6F00A7B797 = {
			isa = PBXGroup;
			children = (
				74DA3F14216A7B6F00A7B797 /* calculator */,
				74DA3F29216A7B7000A7B797 /* calculatorTests */,
				74DA3F34216A7B7000A7B797 /* calculatorUITests */,
				74DA3F13216A7B6F00A7B797 /* Products */,
			);
			sourceTree = "<group>";
		};
		74DA3F13216A7B6F00A7B797 /* Products */ = {
			isa = PBXGroup;
			children = (
				74DA3F12216A7B6F00A7B797 /* calculator.app */,
				74DA3F26216A7B7000A7B797 /* calculatorTests.xctest */,
				74DA3F31216A7B7000A7B797 /* calculatorUITests.xctest */,
			);
			name = Products;
			sourceTree = "<group>";
		};
		74DA3F14216A7B6F00A7B797 /* calculator */ = {
			isa = PBXGroup;
			children = (
				74DA3F15216A7B6F00A7B797 /* AppDelegate.swift */,
				74DA3F17216A7B6F00A7B797 /* ViewController.swift */,
				74DA3F19216A7B6F00A7B797 /* Main.storyboard */,
				74DA3F1C216A7B7000A7B797 /* Assets.xcassets */,
				74DA3F1E216A7B7000A7B797 /* LaunchScreen.storyboard */,
				74DA3F21216A7B7000A7B797 /* Info.plist */,
			);
			path = calculator;
			sourceTree = "<group>";
		};
		74DA3F29216A7B7000A7B797 /* calculatorTests */ = {
			isa = PBXGroup;
			children = (
				74DA3F2A216A7B7000A7B797 /* calculatorTests.swift */,
				74DA3F2C216A7B7000A7B797 /* Info.plist */,
			);
			path = calculatorTests;
			sourceTree = "<group>";
		};
		74DA3F34216A7B7000A7B797 /* calculatorUITests */ = {
			isa = PBXGroup;
			children = (
				74DA3F35216A7B7000A7B797 /* calculatorUITests.swift */,
				74DA3F37216A7B7000A7B797 /* Info.plist */,
			);
			path = calculatorUITests;
			sourceTree = "<group>";
		};
/* End PBXGroup section */

/* Begin PBXNativeTarget section */
		74DA3F11216A7B6F00A7B797 /* calculator */ = {
			isa = PBXNativeTarget;
			buildConfigurationList = 74DA3F3A216A7B7000A7B797 /* Build configuration list for PBXNativeTarget "calculator" */;
			buildPhases = (
				74DA3F0E216A7B6F00A7B797 /* Sources */,
				74DA3F0F216A7B6F00A7B797 /* Frameworks */,
				74DA3F10216A7B6F00A7B797 /* Resources */,
			);
			buildRules = (
			);
			dependencies = (
			);
			name = calculator;
			productName = calculator;
			productReference = 74DA3F12216A7B6F00A7B797 /* calculator.app */;
			productType = "com.apple.product-type.application";
		};
		74DA3F25216A7B7000A7B797 /* calculatorTests */ = {
			isa = PBXNativeTarget;
			buildConfigurationList = 74DA3F3D216A7B7000A7B797 /* Build configuration list for PBXNativeTarget "calculatorTests" */;
			buildPhases = (
				74DA3F22216A7B7000A7B797 /* Sources */,
				74DA3F23216A7B7000A7B797 /* Frameworks */,
				74DA3F24216A7B7000A7B797 /* Resources */,
			);
			buildRules = (
			);
			dependencies = (
				74DA3F28216A7B7000A7B797 /* PBXTargetDependency */,
			);
			name = calculatorTests;
			productName = calculatorTests;
			productReference = 74DA3F26216A7B7000A7B797 /* calculatorTests.xctest */;
			productType = "com.apple.product-type.bundle.unit-test";
		};
		74DA3F30216A7B7000A7B797 /* calculatorUITests */ = {
			isa = PBXNativeTarget;
			buildConfigurationList = 74DA3F40216A7B7000A7B797 /* Build configuration list for PBXNativeTarget "calculatorUITests" */;
			buildPhases = (
				74DA3F2D216A7B7000A7B797 /* Sources */,
				74DA3F2E216A7B7000A7B797 /* Frameworks */,
				74DA3F2F216A7B7000A7B797 /* Resources */,
			);
			buildRules = (
			);
			dependencies = (
				74DA3F33216A7B7000A7B797 /* PBXTargetDependency */,
			);
			name = calculatorUITests;
			productName = calculatorUITests;
			productReference = 74DA3F31216A7B7000A7B797 /* calculatorUITests.xctest */;
			productType = "com.apple.product-type.bundle.ui-testing";
		};
/* End PBXNativeTarget section */

/* Begin PBXProject section */
		74DA3F0A216A7B6F00A7B797 /* Project object */ = {
			isa = PBXProject;
			attributes = {
				LastSwiftUpdateCheck = 1000;
				LastUpgradeCheck = 1000;
				ORGANIZATIONNAME = "Andreas Volsgaard";
				TargetAttributes = {
					74DA3F11216A7B6F00A7B797 = {
						CreatedOnToolsVersion = 10.0;
					};
					74DA3F25216A7B7000A7B797 = {
						CreatedOnToolsVersion = 10.0;
						TestTargetID = 74DA3F11216A7B6F00A7B797;
					};
					74DA3F30216A7B7000A7B797 = {
						CreatedOnToolsVersion = 10.0;
						TestTargetID = 74DA3F11216A7B6F00A7B797;
					};
				};
			};
			buildConfigurationList = 74DA3F0D216A7B6F00A7B797 /* Build configuration list for PBXProject "calculator" */;
			compatibilityVersion = "Xcode 9.3";
			developmentRegion = en;
			hasScannedForEncodings = 0;
			knownRegions = (
				en,
				Base,
			);
			mainGroup = 74DA3F09216A7B6F00A7B797;
			productRefGroup = 74DA3F13216A7B6F00A7B797 /* Products */;
			projectDirPath = "";
			projectRoot = "";
			targets = (
				74DA3F11216A7B6F00A7B797 /* calculator */,
				74DA3F25216A7B7000A7B797 /* calculatorTests */,
				74DA3F30216A7B7000A7B797 /* calculatorUITests */,
			);
		};
/* End PBXProject section */

/* Begin PBXResourcesBuildPhase section */
		74DA3F10216A7B6F00A7B797 /* Resources */ = {
			isa = PBXResourcesBuildPhase;
			buildActionMask = 2147483647;
			files = (
				74DA3F20216A7B7000A7B797 /* LaunchScreen.storyboard in Resources */,
				74DA3F1D216A7B7000A7B797 /* Assets.xcassets in Resources */,
				74DA3F1B216A7B6F00A7B797 /* Main.storyboard in Resources */,
			);
			runOnlyForDeploymentPostprocessing = 0;
		};
		74DA3F24216A7B7000A7B797 /* Resources */ = {
			isa = PBXResourcesBuildPhase;
			buildActionMask = 2147483647;
			files = (
			);
			runOnlyForDeploymentPostprocessing = 0;
		};
		74DA3F2F216A7B7000A7B797 /* Resources */ = {
			isa = PBXResourcesBuildPhase;
			buildActionMask = 2147483647;
			files = (
			);
			runOnlyForDeploymentPostprocessing = 0;
		};
/* End PBXResourcesBuildPhase section */

/* Begin PBXSourcesBuildPhase section */
		74DA3F0E216A7B6F00A7B797 /* Sources */ = {
			isa = PBXSourcesBuildPhase;
			buildActionMask = 2147483647;
			files = (
				74DA3F18216A7B6F00A7B797 /* ViewController.swift in Sources */,
				74DA3F16216A7B6F00A7B797 /* AppDelegate.swift in Sources */,
			);
			runOnlyForDeploymentPostprocessing = 0;
		};
		74DA3F22216A7B7000A7B797 /* Sources */ = {
			isa = PBXSourcesBuildPhase;
			buildActionMask = 2147483647;
			files = (
				74DA3F2B216A7B7000A7B797 /* calculatorTests.swift in Sources */,
			);
			runOnlyForDeploymentPostprocessing = 0;
		};
		74DA3F2D216A7B7000A7B797 /* Sources */ = {
			isa = PBXSourcesBuildPhase;
			buildActionMask = 2147483647;
			files = (
				74DA3F36216A7B7000A7B797 /* calculatorUITests.swift in Sources */,
			);
			runOnlyForDeploymentPostprocessing = 0;
		};
/* End PBXSourcesBuildPhase section */

/* Begin PBXTargetDependency section */
		74DA3F28216A7B7000A7B797 /* PBXTargetDependency */ = {
			isa = PBXTargetDependency;
			target = 74DA3F11216A7B6F00A7B797 /* calculator */;
			targetProxy = 74DA3F27216A7B7000A7B797 /* PBXContainerItemProxy */;
		};
		74DA3F33216A7B7000A7B797 /* PBXTargetDependency */ = {
			isa = PBXTargetDependency;
			target = 74DA3F11216A7B6F00A7B797 /* calculator */;
			targetProxy = 74DA3F32216A7B7000A7B797 /* PBXContainerItemProxy */;
		};
/* End PBXTargetDependency section */

/* Begin PBXVariantGroup section */
		74DA3F19216A7B6F00A7B797 /* Main.storyboard */ = {
			isa = PBXVariantGroup;
			children = (
				74DA3F1A216A7B6F00A7B797 /* Base */,
			);
			name = Main.storyboard;
			sourceTree = "<group>";
		};
		74DA3F1E216A7B7000A7B797 /* LaunchScreen.storyboard */ = {
			isa = PBXVariantGroup;
			children = (
				74DA3F1F216A7B7000A7B797 /* Base */,
			);
			name = LaunchScreen.storyboard;
			sourceTree = "<group>";
		};
/* End PBXVariantGroup section */

/* Begin XCBuildConfiguration section */
		74DA3F38216A7B7000A7B797 /* Debug */ = {
			isa = XCBuildConfiguration;
			buildSettings = {
				ALWAYS_SEARCH_USER_PATHS = NO;
				CLANG_ANALYZER_NONNULL = YES;
				CLANG_ANALYZER_NUMBER_OBJECT_CONVERSION = YES_AGGRESSIVE;
				CLANG_CXX_LANGUAGE_STANDARD = "gnu++14";
				CLANG_CXX_LIBRARY = "libc++";
				CLANG_ENABLE_MODULES = YES;
				CLANG_ENABLE_OBJC_ARC = YES;
				CLANG_ENABLE_OBJC_WEAK = YES;
				CLANG_WARN_BLOCK_CAPTURE_AUTORELEASING = YES;
				CLANG_WARN_BOOL_CONVERSION = YES;
				CLANG_WARN_COMMA = YES;
				CLANG_WARN_CONSTANT_CONVERSION = YES;
				CLANG_WARN_DEPRECATED_OBJC_IMPLEMENTATIONS = YES;
				CLANG_WARN_DIRECT_OBJC_ISA_USAGE = YES_ERROR;
				CLANG_WARN_DOCUMENTATION_COMMENTS = YES;
				CLANG_WARN_EMPTY_BODY = YES;
				CLANG_WARN_ENUM_CONVERSION = YES;
				CLANG_WARN_INFINITE_RECURSION = YES;
				CLANG_WARN_INT_CONVERSION = YES;
				CLANG_WARN_NON_LITERAL_NULL_CONVERSION = YES;
				CLANG_WARN_OBJC_IMPLICIT_RETAIN_SELF = YES;
				CLANG_WARN_OBJC_LITERAL_CONVERSION = YES;
				CLANG_WARN_OBJC_ROOT_CLASS = YES_ERROR;
				CLANG_WARN_RANGE_LOOP_ANALYSIS = YES;
				CLANG_WARN_STRICT_PROTOTYPES = YES;
				CLANG_WARN_SUSPICIOUS_MOVE = YES;
				CLANG_WARN_UNGUARDED_AVAILABILITY = YES_AGGRESSIVE;
				CLANG_WARN_UNREACHABLE_CODE = YES;
				CLANG_WARN__DUPLICATE_METHOD_MATCH = YES;
				CODE_SIGN_IDENTITY = "iPhone Developer";
				COPY_PHASE_STRIP = NO;
				DEBUG_INFORMATION_FORMAT = dwarf;
				ENABLE_STRICT_OBJC_MSGSEND = YES;
				ENABLE_TESTABILITY = YES;
				GCC_C_LANGUAGE_STANDARD = gnu11;
				GCC_DYNAMIC_NO_PIC = NO;
				GCC_NO_COMMON_BLOCKS = YES;
				GCC_OPTIMIZATION_LEVEL = 0;
				GCC_PREPROCESSOR_DEFINITIONS = (
					"DEBUG=1",
					"$(inherited)",
				);
				GCC_WARN_64_TO_32_BIT_CONVERSION = YES;
				GCC_WARN_ABOUT_RETURN_TYPE = YES_ERROR;
				GCC_WARN_UNDECLARED_SELECTOR = YES;
				GCC_WARN_UNINITIALIZED_AUTOS = YES_AGGRESSIVE;
				GCC_WARN_UNUSED_FUNCTION = YES;
				GCC_WARN_UNUSED_VARIABLE = YES;
				IPHONEOS_DEPLOYMENT_TARGET = 12.0;
				MTL_ENABLE_DEBUG_INFO = INCLUDE_SOURCE;
				MTL_FAST_MATH = YES;
				ONLY_ACTIVE_ARCH = YES;
				SDKROOT = iphoneos;
				SWIFT_ACTIVE_COMPILATION_CONDITIONS = DEBUG;
				SWIFT_OPTIMIZATION_LEVEL = "-Onone";
			};
			name = Debug;
		};
		74DA3F39216A7B7000A7B797 /* Release */ = {
			isa = XCBuildConfiguration;
			buildSettings = {
				ALWAYS_SEARCH_USER_PATHS = NO;
				CLANG_ANALYZER_NONNULL = YES;
				CLANG_ANALYZER_NUMBER_OBJECT_CONVERSION = YES_AGGRESSIVE;
				CLANG_CXX_LANGUAGE_STANDARD = "gnu++14";
				CLANG_CXX_LIBRARY = "libc++";
				CLANG_ENABLE_MODULES = YES;
				CLANG_ENABLE_OBJC_ARC = YES;
				CLANG_ENABLE_OBJC_WEAK = YES;
				CLANG_WARN_BLOCK_CAPTURE_AUTORELEASING = YES;
				CLANG_WARN_BOOL_CONVERSION = YES;
				CLANG_WARN_COMMA = YES;
				CLANG_WARN_CONSTANT_CONVERSION = YES;
				CLANG_WARN_DEPRECATED_OBJC_IMPLEMENTATIONS = YES;
				CLANG_WARN_DIRECT_OBJC_ISA_USAGE = YES_ERROR;
				CLANG_WARN_DOCUMENTATION_COMMENTS = YES;
				CLANG_WARN_EMPTY_BODY = YES;
				CLANG_WARN_ENUM_CONVERSION = YES;
				CLANG_WARN_INFINITE_RECURSION = YES;
				CLANG_WARN_INT_CONVERSION = YES;
				CLANG_WARN_NON_LITERAL_NULL_CONVERSION = YES;
				CLANG_WARN_OBJC_IMPLICIT_RETAIN_SELF = YES;
				CLANG_WARN_OBJC_LITERAL_CONVERSION = YES;
				CLANG_WARN_OBJC_ROOT_CLASS = YES_ERROR;
				CLANG_WARN_RANGE_LOOP_ANALYSIS = YES;
				CLANG_WARN_STRICT_PROTOTYPES = YES;
				CLANG_WARN_SUSPICIOUS_MOVE = YES;
				CLANG_WARN_UNGUARDED_AVAILABILITY = YES_AGGRESSIVE;
				CLANG_WARN_UNREACHABLE_CODE = YES;
				CLANG_WARN__DUPLICATE_METHOD_MATCH = YES;
				CODE_SIGN_IDENTITY = "iPhone Developer";
				COPY_PHASE_STRIP = NO;
				DEBUG_INFORMATION_FORMAT = "dwarf-with-dsym";
				ENABLE_NS_ASSERTIONS = NO;
				ENABLE_STRICT_OBJC_MSGSEND = YES;
				GCC_C_LANGUAGE_STANDARD = gnu11;
				GCC_NO_COMMON_BLOCKS = YES;
				GCC_WARN_64_TO_32_BIT_CONVERSION = YES;
				GCC_WARN_ABOUT_RETURN_TYPE = YES_ERROR;
				GCC_WARN_UNDECLARED_SELECTOR = YES;
				GCC_WARN_UNINITIALIZED_AUTOS = YES_AGGRESSIVE;
				GCC_WARN_UNUSED_FUNCTION = YES;
				GCC_WARN_UNUSED_VARIABLE = YES;
				IPHONEOS_DEPLOYMENT_TARGET = 12.0;
				MTL_ENABLE_DEBUG_INFO = NO;
				MTL_FAST_MATH = YES;
				SDKROOT = iphoneos;
				SWIFT_COMPILATION_MODE = wholemodule;
				SWIFT_OPTIMIZATION_LEVEL = "-O";
				VALIDATE_PRODUCT = YES;
			};
			name = Release;
		};
		74DA3F3B216A7B7000A7B797 /* Debug */ = {
			isa = XCBuildConfiguration;
			buildSettings = {
				ASSETCATALOG_COMPILER_APPICON_NAME = AppIcon;
				CODE_SIGN_IDENTITY = "iPhone Developer";
				CODE_SIGN_STYLE = Automatic;
				DEVELOPMENT_TEAM = "";
				INFOPLIST_FILE = calculator/Info.plist;
				LD_RUNPATH_SEARCH_PATHS = (
					"$(inherited)",
					"@executable_path/Frameworks",
				);
				PRODUCT_BUNDLE_IDENTIFIER = abv.calculator;
				PRODUCT_NAME = "$(TARGET_NAME)";
				PROVISIONING_PROFILE_SPECIFIER = "";
				SWIFT_VERSION = 4.2;
				TARGETED_DEVICE_FAMILY = "1,2";
			};
			name = Debug;
		};
		74DA3F3C216A7B7000A7B797 /* Release */ = {
			isa = XCBuildConfiguration;
			buildSettings = {
				ASSETCATALOG_COMPILER_APPICON_NAME = AppIcon;
				CODE_SIGN_IDENTITY = "iPhone Developer";
				CODE_SIGN_STYLE = Automatic;
				DEVELOPMENT_TEAM = "";
				INFOPLIST_FILE = calculator/Info.plist;
				LD_RUNPATH_SEARCH_PATHS = (
					"$(inherited)",
					"@executable_path/Frameworks",
				);
				PRODUCT_BUNDLE_IDENTIFIER = abv.calculator;
				PRODUCT_NAME = "$(TARGET_NAME)";
				PROVISIONING_PROFILE_SPECIFIER = "";
				SWIFT_VERSION = 4.2;
				TARGETED_DEVICE_FAMILY = "1,2";
			};
			name = Release;
		};
		74DA3F3E216A7B7000A7B797 /* Debug */ = {
			isa = XCBuildConfiguration;
			buildSettings = {
				ALWAYS_EMBED_SWIFT_STANDARD_LIBRARIES = YES;
				BUNDLE_LOADER = "$(TEST_HOST)";
				CODE_SIGN_STYLE = Automatic;
				INFOPLIST_FILE = calculatorTests/Info.plist;
				LD_RUNPATH_SEARCH_PATHS = (
					"$(inherited)",
					"@executable_path/Frameworks",
					"@loader_path/Frameworks",
				);
				PRODUCT_BUNDLE_IDENTIFIER = abv.calculatorTests;
				PRODUCT_NAME = "$(TARGET_NAME)";
				SWIFT_VERSION = 4.2;
				TARGETED_DEVICE_FAMILY = "1,2";
				TEST_HOST = "$(BUILT_PRODUCTS_DIR)/calculator.app/calculator";
			};
			name = Debug;
		};
		74DA3F3F216A7B7000A7B797 /* Release */ = {
			isa = XCBuildConfiguration;
			buildSettings = {
				ALWAYS_EMBED_SWIFT_STANDARD_LIBRARIES = YES;
				BUNDLE_LOADER = "$(TEST_HOST)";
				CODE_SIGN_STYLE = Automatic;
				INFOPLIST_FILE = calculatorTests/Info.plist;
				LD_RUNPATH_SEARCH_PATHS = (
					"$(inherited)",
					"@executable_path/Frameworks",
					"@loader_path/Frameworks",
				);
				PRODUCT_BUNDLE_IDENTIFIER = abv.calculatorTests;
				PRODUCT_NAME = "$(TARGET_NAME)";
				SWIFT_VERSION = 4.2;
				TARGETED_DEVICE_FAMILY = "1,2";
				TEST_HOST = "$(BUILT_PRODUCTS_DIR)/calculator.app/calculator";
			};
			name = Release;
		};
		74DA3F41216A7B7000A7B797 /* Debug */ = {
			isa = XCBuildConfiguration;
			buildSettings = {
				ALWAYS_EMBED_SWIFT_STANDARD_LIBRARIES = YES;
				CODE_SIGN_STYLE = Automatic;
				INFOPLIST_FILE = calculatorUITests/Info.plist;
				LD_RUNPATH_SEARCH_PATHS = (
					"$(inherited)",
					"@executable_path/Frameworks",
					"@loader_path/Frameworks",
				);
				PRODUCT_BUNDLE_IDENTIFIER = abv.calculatorUITests;
				PRODUCT_NAME = "$(TARGET_NAME)";
				SWIFT_VERSION = 4.2;
				TARGETED_DEVICE_FAMILY = "1,2";
				TEST_TARGET_NAME = calculator;
			};
			name = Debug;
		};
		74DA3F42216A7B7000A7B797 /* Release */ = {
			isa = XCBuildConfiguration;
			buildSettings = {
				ALWAYS_EMBED_SWIFT_STANDARD_LIBRARIES = YES;
				CODE_SIGN_STYLE = Automatic;
				INFOPLIST_FILE = calculatorUITests/Info.plist;
				LD_RUNPATH_SEARCH_PATHS = (
					"$(inherited)",
					"@executable_path/Frameworks",
					"@loader_path/Frameworks",
				);
				PRODUCT_BUNDLE_IDENTIFIER = abv.calculatorUITests;
				PRODUCT_NAME = "$(TARGET_NAME)";
				SWIFT_VERSION = 4.2;
				TARGETED_DEVICE_FAMILY = "1,2";
				TEST_TARGET_NAME = calculator;
			};
			name = Release;
		};
/* End XCBuildConfiguration section */

/* Begin XCConfigurationList section */
		74DA3F0D216A7B6F00A7B797 /* Build configuration list for PBXProject "calculator" */ = {
			isa = XCConfigurationList;
			buildConfigurations = (
				74DA3F38216A7B7000A7B797 /* Debug */,
				74DA3F39216A7B7000A7B797 /* Release */,
			);
			defaultConfigurationIsVisible = 0;
			defaultConfigurationName = Release;
		};
		74DA3F3A216A7B7000A7B797 /* Build configuration list for PBXNativeTarget "calculator" */ = {
			isa = XCConfigurationList;
			buildConfigurations = (
				74DA3F3B216A7B7000A7B797 /* Debug */,
				74DA3F3C216A7B7000A7B797 /* Release */,
			);
			defaultConfigurationIsVisible = 0;
			defaultConfigurationName = Release;
		};
		74DA3F3D216A7B7000A7B797 /* Build configuration list for PBXNativeTarget "calculatorTests" */ = {
			isa = XCConfigurationList;
			buildConfigurations = (
				74DA3F3E216A7B7000A7B797 /* Debug */,
				74DA3F3F216A7B7000A7B797 /* Release */,
			);
			defaultConfigurationIsVisible = 0;
			defaultConfigurationName = Release;
		};
		74DA3F40216A7B7000A7B797 /* Build configuration list for PBXNativeTarget "calculatorUITests" */ = {
			isa = XCConfigurationList;
			buildConfigurations = (
				74DA3F41216A7B7000A7B797 /* Debug */,
				74DA3F42216A7B7000A7B797 /* Release */,
			);
			defaultConfigurationIsVisible = 0;
			defaultConfigurationName = Release;
		};
/* End XCConfigurationList section */
	};
	rootObject = 74DA3F0A216A7B6F00A7B797 /* Project object */;
}
